
Microsoft Visual Studio Solution File, Format Version 12.00
# Visual Studio Version 17
VisualStudioVersion = 17.0.31903.59
MinimumVisualStudioVersion = 10.0.40219.1
Project("{FAE04EC0-301F-11D3-BF4B-00C04F79EFBC}") = "Gallagher-Hardware-to-CSV", "Gallagher-Hardware-to-CSV\Gallagher-Hardware-to-CSV.csproj", "{319371E4-318A-4A8E-AD5E-390003984422}"
EndProject
Global
	GlobalSection(SolutionConfigurationPlatforms) = preSolution
		Debug|Any CPU = Debug|Any CPU
		Release|Any CPU = Release|Any CPU
	EndGlobalSection
	GlobalSection(SolutionProperties) = preSolution
		HideSolutionNode = FALSE
	EndGlobalSection
	GlobalSection(ProjectConfigurationPlatforms) = postSolution
		{319371E4-318A-4A8E-AD5E-390003984422}.Debug|Any CPU.ActiveCfg = Debug|Any CPU
		{319371E4-318A-4A8E-AD5E-390003984422}.Debug|Any CPU.Build.0 = Debug|Any CPU
		{319371E4-318A-4A8E-AD5E-390003984422}.Release|Any CPU.ActiveCfg = Release|Any CPU
		{319371E4-318A-4A8E-AD5E-390003984422}.Release|Any CPU.Build.0 = Release|Any CPU
	EndGlobalSection
EndGlobal
